
Microsoft Visual Studio Solution File, Format Version 12.00
# Visual Studio Version 17
VisualStudioVersion = 17.11.35222.181
MinimumVisualStudioVersion = 10.0.40219.1
Project("{FAE04EC0-301F-11D3-BF4B-00C04F79EFBC}") = "Biryukovv-Maskem-KT-41-21", "Biryukovv-Maskem-KT-41-21\Biryukovv-Maskem-KT-41-21.csproj", "{5F6E12B7-8F48-40C4-88F7-3C18EE81CA63}"
EndProject
Global
	GlobalSection(SolutionConfigurationPlatforms) = preSolution
		Debug|Any CPU = Debug|Any CPU
		Release|Any CPU = Release|Any CPU
	EndGlobalSection
	GlobalSection(ProjectConfigurationPlatforms) = postSolution
		{5F6E12B7-8F48-40C4-88F7-3C18EE81CA63}.Debug|Any CPU.ActiveCfg = Debug|Any CPU
		{5F6E12B7-8F48-40C4-88F7-3C18EE81CA63}.Debug|Any CPU.Build.0 = Debug|Any CPU
		{5F6E12B7-8F48-40C4-88F7-3C18EE81CA63}.Release|Any CPU.ActiveCfg = Release|Any CPU
		{5F6E12B7-8F48-40C4-88F7-3C18EE81CA63}.Release|Any CPU.Build.0 = Release|Any CPU
	EndGlobalSection
	GlobalSection(SolutionProperties) = preSolution
		HideSolutionNode = FALSE
	EndGlobalSection
	GlobalSection(ExtensibilityGlobals) = postSolution
		SolutionGuid = {864A0CE9-5779-4891-9010-E4B46E4F17B5}
	EndGlobalSection
EndGlobal
